
Microsoft Visual Studio Solution File, Format Version 12.00
# Visual Studio Version 16
VisualStudioVersion = 16.0.31205.134
MinimumVisualStudioVersion = 10.0.40219.1
Project("{8BC9CEB8-8B4A-11D0-8D11-00A0C91BC942}") = "WiseNoDevFee", "WiseNoDevFee.vcxproj", "{A0BB7A7B-F842-4DFA-B0A6-12ABF1CCAA7F}"
EndProject
Global
	GlobalSection(SolutionConfigurationPlatforms) = preSolution
		Debug|x64 = Debug|x64
		Debug|x86 = Debug|x86
		Release|x64 = Release|x64
		Release|x86 = Release|x86
	EndGlobalSection
	GlobalSection(ProjectConfigurationPlatforms) = postSolution
		{A0BB7A7B-F842-4DFA-B0A6-12ABF1CCAA7F}.Debug|x64.ActiveCfg = Debug|x64
		{A0BB7A7B-F842-4DFA-B0A6-12ABF1CCAA7F}.Debug|x64.Build.0 = Debug|x64
		{A0BB7A7B-F842-4DFA-B0A6-12ABF1CCAA7F}.Debug|x86.ActiveCfg = Debug|Win32
		{A0BB7A7B-F842-4DFA-B0A6-12ABF1CCAA7F}.Debug|x86.Build.0 = Debug|Win32
		{A0BB7A7B-F842-4DFA-B0A6-12ABF1CCAA7F}.Release|x64.ActiveCfg = Release|x64
		{A0BB7A7B-F842-4DFA-B0A6-12ABF1CCAA7F}.Release|x64.Build.0 = Release|x64
		{A0BB7A7B-F842-4DFA-B0A6-12ABF1CCAA7F}.Release|x86.ActiveCfg = Release|Win32
		{A0BB7A7B-F842-4DFA-B0A6-12ABF1CCAA7F}.Release|x86.Build.0 = Release|Win32
	EndGlobalSection
	GlobalSection(SolutionProperties) = preSolution
		HideSolutionNode = FALSE
	EndGlobalSection
	GlobalSection(ExtensibilityGlobals) = postSolution
		SolutionGuid = {C27D3D12-FA9B-4A89-8065-4FE03C44DD90}
	EndGlobalSection
EndGlobal
